
Microsoft Visual Studio Solution File, Format Version 12.00
# Visual Studio Version 17
VisualStudioVersion = 17.6.33815.320
MinimumVisualStudioVersion = 10.0.40219.1
Project("{888888A0-9F3D-457C-B088-3A5042F75D52}") = "PasswordGenerator", "PasswordGenerator\PasswordGenerator.pyproj", "{055E2B36-F70E-4DBF-A8BC-77C58DF49C18}"
EndProject
Global
	GlobalSection(SolutionConfigurationPlatforms) = preSolution
		Debug|Any CPU = Debug|Any CPU
		Release|Any CPU = Release|Any CPU
	EndGlobalSection
	GlobalSection(ProjectConfigurationPlatforms) = postSolution
		{055E2B36-F70E-4DBF-A8BC-77C58DF49C18}.Debug|Any CPU.ActiveCfg = Debug|Any CPU
		{055E2B36-F70E-4DBF-A8BC-77C58DF49C18}.Release|Any CPU.ActiveCfg = Release|Any CPU
	EndGlobalSection
	GlobalSection(SolutionProperties) = preSolution
		HideSolutionNode = FALSE
	EndGlobalSection
	GlobalSection(ExtensibilityGlobals) = postSolution
		SolutionGuid = {AC28CE6B-46DF-40AB-BDCC-F13C5CECD18C}
	EndGlobalSection
EndGlobal
